PODS:
  - CocoaLumberjack (1.9.2):
    - CocoaLumberjack/Extensions (= 1.9.2)
  - CocoaLumberjack/Core (1.9.2)
  - CocoaLumberjack/Extensions (1.9.2):
    - CocoaLumberjack/Core
  - MKNetworkKit-Salesforce-Taptera (0.87.1):
    - Reachability (~> 3.1.0)
    - Salesforce-Common-Utils-iOS-Taptera
  - Reachability (3.1.1)
  - Salesforce-Common-Utils-iOS-Taptera (2.3.1):
    - CocoaLumberjack (= 1.9.2)

DEPENDENCIES:
  - MKNetworkKit-Salesforce-Taptera
  - Salesforce-Common-Utils-iOS-Taptera (= 2.3.1)

SPEC CHECKSUMS:
  CocoaLumberjack: 628fca2e88ef06f7cf6817309aa405f325d9a6fa
  MKNetworkKit-Salesforce-Taptera: b0429017e937ab53296b11ab6c2a24d2ea5007e8
  Reachability: dd9aa4fb6667b9f787690a74f53cb7634ce99893
  Salesforce-Common-Utils-iOS-Taptera: 1b11fcfbd2c5d1b212690481501f155aef3963c2

COCOAPODS: 0.39.0
